
Microsoft Visual Studio Solution File, Format Version 12.00
# Visual Studio Version 16
VisualStudioVersion = 16.0.32901.82
MinimumVisualStudioVersion = 10.0.40219.1
Project("{FAE04EC0-301F-11D3-BF4B-00C04F79EFBC}") = "1004-Posts-System", "1004-Posts-System\1004-Posts-System.csproj", "{93FB9F41-7B63-4870-BB4B-9846905B0C19}"
EndProject
Global
	GlobalSection(SolutionConfigurationPlatforms) = preSolution
		Debug|Any CPU = Debug|Any CPU
		Release|Any CPU = Release|Any CPU
	EndGlobalSection
	GlobalSection(ProjectConfigurationPlatforms) = postSolution
		{93FB9F41-7B63-4870-BB4B-9846905B0C19}.Debug|Any CPU.ActiveCfg = Debug|Any CPU
		{93FB9F41-7B63-4870-BB4B-9846905B0C19}.Debug|Any CPU.Build.0 = Debug|Any CPU
		{93FB9F41-7B63-4870-BB4B-9846905B0C19}.Release|Any CPU.ActiveCfg = Release|Any CPU
		{93FB9F41-7B63-4870-BB4B-9846905B0C19}.Release|Any CPU.Build.0 = Release|Any CPU
	EndGlobalSection
	GlobalSection(SolutionProperties) = preSolution
		HideSolutionNode = FALSE
	EndGlobalSection
	GlobalSection(ExtensibilityGlobals) = postSolution
		SolutionGuid = {C2674506-0D8E-4F36-956C-419822009622}
	EndGlobalSection
EndGlobal
